
Microsoft Visual Studio Solution File, Format Version 12.00
# Visual Studio Version 16
VisualStudioVersion = 16.0.31424.327
MinimumVisualStudioVersion = 10.0.40219.1
Project("{FAE04EC0-301F-11D3-BF4B-00C04F79EFBC}") = "exercise  3", "exercise  3\exercise  3.csproj", "{64F62C15-F056-4CCE-A52F-7CAFF22B174A}"
EndProject
Global
	GlobalSection(SolutionConfigurationPlatforms) = preSolution
		Debug|Any CPU = Debug|Any CPU
		Release|Any CPU = Release|Any CPU
	EndGlobalSection
	GlobalSection(ProjectConfigurationPlatforms) = postSolution
		{64F62C15-F056-4CCE-A52F-7CAFF22B174A}.Debug|Any CPU.ActiveCfg = Debug|Any CPU
		{64F62C15-F056-4CCE-A52F-7CAFF22B174A}.Debug|Any CPU.Build.0 = Debug|Any CPU
		{64F62C15-F056-4CCE-A52F-7CAFF22B174A}.Release|Any CPU.ActiveCfg = Release|Any CPU
		{64F62C15-F056-4CCE-A52F-7CAFF22B174A}.Release|Any CPU.Build.0 = Release|Any CPU
	EndGlobalSection
	GlobalSection(SolutionProperties) = preSolution
		HideSolutionNode = FALSE
	EndGlobalSection
	GlobalSection(ExtensibilityGlobals) = postSolution
		SolutionGuid = {7FC57D4C-5F69-424A-91C6-9F0AF325D3BF}
	EndGlobalSection
EndGlobal
